<?xml version="1.0" encoding="utf-8"?>
<Project ToolsVersion="4.0" xmlns="http://schemas.microsoft.com/developer/msbuild/2003">
  <ItemGroup>
    <Filter Include="소스 파일">
      <UniqueIdentifier>{4FC737F1-C7A5-4376-A066-2A32D752A2FF}</UniqueIdentifier>
      <Extensions>cpp;c;cc;cxx;def;odl;idl;hpj;bat;asm;asmx</Extensions>
    </Filter>
    <Filter Include="헤더 파일">
      <UniqueIdentifier>{93995380-89BD-4b04-88EB-625FBE52EBFB}</UniqueIdentifier>
      <Extensions>h;hh;hpp;hxx;hm;inl;inc;ipp;xsd</Extensions>
    </Filter>
    <Filter Include="리소스 파일">
      <UniqueIdentifier>{67DA6AB6-F800-4c08-8B7A-83BB121AAD01}</UniqueIdentifier>
      <Extensions>rc;ico;cur;bmp;dlg;rc2;rct;bin;rgs;gif;jpg;jpeg;jpe;resx;tiff;tif;png;wav;mfcribbon-ms</Extensions>
    </Filter>
    <Filter Include="Room">
      <UniqueIdentifier>{0f298156-d1fd-45fe-a2c6-597b07dfaa3d}</UniqueIdentifier>
    </Filter>
    <Filter Include="Protocol">
      <UniqueIdentifier>{df281bb3-0345-4837-87d9-69ef4a8ef3ef}</UniqueIdentifier>
    </Filter>
  </ItemGroup>
  <ItemGroup>
    <ClCompile Include="ServerSession.cpp">
      <Filter>소스 파일</Filter>
    </ClCompile>
    <ClCompile Include="Server.cpp">
      <Filter>소스 파일</Filter>
    </ClCompile>
    <ClCompile Include="Main.cpp">
      <Filter>소스 파일</Filter>
    </ClCompile>
    <ClCompile Include="RoomMG.cpp">
      <Filter>Room</Filter>
    </ClCompile>
    <ClCompile Include="GameMG.cpp">
      <Filter>소스 파일</Filter>
    </ClCompile>
  </ItemGroup>
  <ItemGroup>
    <ClInclude Include="ServerSession.h">
      <Filter>헤더 파일</Filter>
    </ClInclude>
    <ClInclude Include="Lock.h">
      <Filter>헤더 파일</Filter>
    </ClInclude>
    <ClInclude Include="Server.h">
      <Filter>헤더 파일</Filter>
    </ClInclude>
    <ClInclude Include="RoomMG.h">
      <Filter>Room</Filter>
    </ClInclude>
    <ClInclude Include="Json.h">
      <Filter>Protocol</Filter>
    </ClInclude>
    <ClInclude Include="Protocol.h">
      <Filter>Protocol</Filter>
    </ClInclude>
    <ClInclude Include="GameMG.h">
      <Filter>헤더 파일</Filter>
    </ClInclude>
  </ItemGroup>
</Project>